
Microsoft Visual Studio Solution File, Format Version 12.00
# Visual Studio 15
VisualStudioVersion = 15.0.28307.1300
MinimumVisualStudioVersion = 10.0.40219.1
Project("{FAE04EC0-301F-11D3-BF4B-00C04F79EFBC}") = "CoordsConverter", "CoordsConverter\CoordsConverter.csproj", "{99D3B8E0-3E3C-45E0-87BA-61E27439A142}"
EndProject
Global
	GlobalSection(SolutionConfigurationPlatforms) = preSolution
		Debug|Any CPU = Debug|Any CPU
		Release|Any CPU = Release|Any CPU
	EndGlobalSection
	GlobalSection(ProjectConfigurationPlatforms) = postSolution
		{99D3B8E0-3E3C-45E0-87BA-61E27439A142}.Debug|Any CPU.ActiveCfg = Debug|Any CPU
		{99D3B8E0-3E3C-45E0-87BA-61E27439A142}.Debug|Any CPU.Build.0 = Debug|Any CPU
		{99D3B8E0-3E3C-45E0-87BA-61E27439A142}.Release|Any CPU.ActiveCfg = Release|Any CPU
		{99D3B8E0-3E3C-45E0-87BA-61E27439A142}.Release|Any CPU.Build.0 = Release|Any CPU
	EndGlobalSection
	GlobalSection(SolutionProperties) = preSolution
		HideSolutionNode = FALSE
	EndGlobalSection
	GlobalSection(ExtensibilityGlobals) = postSolution
		SolutionGuid = {C3A311E8-71B1-4FF1-B56C-C0521A55E619}
	EndGlobalSection
EndGlobal
